
Microsoft Visual Studio Solution File, Format Version 12.00
# Visual Studio Version 17
VisualStudioVersion = 17.13.35931.197 d17.13
MinimumVisualStudioVersion = 10.0.40219.1
Project("{FAE04EC0-301F-11D3-BF4B-00C04F79EFBC}") = "ProyectoEDI", "ProyectoEDI\ProyectoEDI.csproj", "{CBD18322-F68D-4664-8006-FB9AC3E41FEA}"
EndProject
Project("{FAE04EC0-301F-11D3-BF4B-00C04F79EFBC}") = "Entities", "Entities\Entities.csproj", "{9137537A-5090-46D1-BF06-C27969BC3258}"
EndProject
Project("{FAE04EC0-301F-11D3-BF4B-00C04F79EFBC}") = "BusinessLogic", "BusinessLogic\BusinessLogic.csproj", "{317DD66B-DA76-4A8B-A1EA-F588A329D029}"
EndProject
Global
	GlobalSection(SolutionConfigurationPlatforms) = preSolution
		Debug|Any CPU = Debug|Any CPU
		Release|Any CPU = Release|Any CPU
	EndGlobalSection
	GlobalSection(ProjectConfigurationPlatforms) = postSolution
		{CBD18322-F68D-4664-8006-FB9AC3E41FEA}.Debug|Any CPU.ActiveCfg = Debug|Any CPU
		{CBD18322-F68D-4664-8006-FB9AC3E41FEA}.Debug|Any CPU.Build.0 = Debug|Any CPU
		{CBD18322-F68D-4664-8006-FB9AC3E41FEA}.Release|Any CPU.ActiveCfg = Release|Any CPU
		{CBD18322-F68D-4664-8006-FB9AC3E41FEA}.Release|Any CPU.Build.0 = Release|Any CPU
		{9137537A-5090-46D1-BF06-C27969BC3258}.Debug|Any CPU.ActiveCfg = Debug|Any CPU
		{9137537A-5090-46D1-BF06-C27969BC3258}.Debug|Any CPU.Build.0 = Debug|Any CPU
		{9137537A-5090-46D1-BF06-C27969BC3258}.Release|Any CPU.ActiveCfg = Release|Any CPU
		{9137537A-5090-46D1-BF06-C27969BC3258}.Release|Any CPU.Build.0 = Release|Any CPU
		{317DD66B-DA76-4A8B-A1EA-F588A329D029}.Debug|Any CPU.ActiveCfg = Debug|Any CPU
		{317DD66B-DA76-4A8B-A1EA-F588A329D029}.Debug|Any CPU.Build.0 = Debug|Any CPU
		{317DD66B-DA76-4A8B-A1EA-F588A329D029}.Release|Any CPU.ActiveCfg = Release|Any CPU
		{317DD66B-DA76-4A8B-A1EA-F588A329D029}.Release|Any CPU.Build.0 = Release|Any CPU
	EndGlobalSection
	GlobalSection(SolutionProperties) = preSolution
		HideSolutionNode = FALSE
	EndGlobalSection
	GlobalSection(ExtensibilityGlobals) = postSolution
		SolutionGuid = {9BB73061-4CB8-420B-9188-623D2594AD79}
	EndGlobalSection
EndGlobal
